
Microsoft Visual Studio Solution File, Format Version 12.00
# Visual Studio Version 17
VisualStudioVersion = 17.8.34601.278
MinimumVisualStudioVersion = 10.0.40219.1
Project("{8BC9CEB8-8B4A-11D0-8D11-00A0C91BC942}") = "practice01", "practice\practice01\practice01.vcxproj", "{3326E184-71B1-4298-9FD1-3F18A89EFFA7}"
EndProject
Project("{8BC9CEB8-8B4A-11D0-8D11-00A0C91BC942}") = "practice02", "practice\practice02\practice02.vcxproj", "{952975E0-19D6-4181-87D9-9D8C046386CB}"
EndProject
Project("{8BC9CEB8-8B4A-11D0-8D11-00A0C91BC942}") = "practice03", "practice\practice03\practice03.vcxproj", "{E24FB53A-443F-42FF-9532-072728994816}"
EndProject
Project("{8BC9CEB8-8B4A-11D0-8D11-00A0C91BC942}") = "project01", "projects\project01\project01.vcxproj", "{C1F526A1-D07A-48BB-BB12-0FAF60F243A3}"
EndProject
Project("{8BC9CEB8-8B4A-11D0-8D11-00A0C91BC942}") = "practice04", "practice\practice04\practice04.vcxproj", "{BAB56164-BB06-4DB1-AD18-587624C4CDEB}"
EndProject
Project("{8BC9CEB8-8B4A-11D0-8D11-00A0C91BC942}") = "practice05", "practice\practice05\practice05.vcxproj", "{AB34D63C-AA15-479C-A82C-B7A9B9B2E77C}"
EndProject
Project("{8BC9CEB8-8B4A-11D0-8D11-00A0C91BC942}") = "practice06", "practice\practice06\practice06.vcxproj", "{58A52F23-7293-4FDA-883C-B66551764EC0}"
EndProject
Project("{8BC9CEB8-8B4A-11D0-8D11-00A0C91BC942}") = "practice07", "practice\practice07\practice07.vcxproj", "{228A48E5-4051-40E5-BA67-C84F953CAB7A}"
EndProject
Project("{8BC9CEB8-8B4A-11D0-8D11-00A0C91BC942}") = "practice09", "practice\practice09\practice09.vcxproj", "{7604FB43-0640-4DDF-AC3A-3C4C2A7A0674}"
EndProject
Project("{8BC9CEB8-8B4A-11D0-8D11-00A0C91BC942}") = "Practice10", "practice\Practice10\Practice10.vcxproj", "{6B533B70-AC73-4D35-AF8E-874AAB987BCA}"
EndProject
Project("{8BC9CEB8-8B4A-11D0-8D11-00A0C91BC942}") = "Project02", "Project02\Project02.vcxproj", "{4582016A-D808-4B97-BB78-11CF003111F8}"
EndProject
Global
	GlobalSection(SolutionConfigurationPlatforms) = preSolution
		Debug|x64 = Debug|x64
		Debug|x86 = Debug|x86
		Release|x64 = Release|x64
		Release|x86 = Release|x86
	EndGlobalSection
	GlobalSection(ProjectConfigurationPlatforms) = postSolution
		{3326E184-71B1-4298-9FD1-3F18A89EFFA7}.Debug|x64.ActiveCfg = Debug|x64
		{3326E184-71B1-4298-9FD1-3F18A89EFFA7}.Debug|x64.Build.0 = Debug|x64
		{3326E184-71B1-4298-9FD1-3F18A89EFFA7}.Debug|x86.ActiveCfg = Debug|Win32
		{3326E184-71B1-4298-9FD1-3F18A89EFFA7}.Debug|x86.Build.0 = Debug|Win32
		{3326E184-71B1-4298-9FD1-3F18A89EFFA7}.Release|x64.ActiveCfg = Release|x64
		{3326E184-71B1-4298-9FD1-3F18A89EFFA7}.Release|x64.Build.0 = Release|x64
		{3326E184-71B1-4298-9FD1-3F18A89EFFA7}.Release|x86.ActiveCfg = Release|Win32
		{3326E184-71B1-4298-9FD1-3F18A89EFFA7}.Release|x86.Build.0 = Release|Win32
		{952975E0-19D6-4181-87D9-9D8C046386CB}.Debug|x64.ActiveCfg = Debug|x64
		{952975E0-19D6-4181-87D9-9D8C046386CB}.Debug|x64.Build.0 = Debug|x64
		{952975E0-19D6-4181-87D9-9D8C046386CB}.Debug|x86.ActiveCfg = Debug|Win32
		{952975E0-19D6-4181-87D9-9D8C046386CB}.Debug|x86.Build.0 = Debug|Win32
		{952975E0-19D6-4181-87D9-9D8C046386CB}.Release|x64.ActiveCfg = Release|x64
		{952975E0-19D6-4181-87D9-9D8C046386CB}.Release|x64.Build.0 = Release|x64
		{952975E0-19D6-4181-87D9-9D8C046386CB}.Release|x86.ActiveCfg = Release|Win32
		{952975E0-19D6-4181-87D9-9D8C046386CB}.Release|x86.Build.0 = Release|Win32
		{E24FB53A-443F-42FF-9532-072728994816}.Debug|x64.ActiveCfg = Debug|x64
		{E24FB53A-443F-42FF-9532-072728994816}.Debug|x64.Build.0 = Debug|x64
		{E24FB53A-443F-42FF-9532-072728994816}.Debug|x86.ActiveCfg = Debug|Win32
		{E24FB53A-443F-42FF-9532-072728994816}.Debug|x86.Build.0 = Debug|Win32
		{E24FB53A-443F-42FF-9532-072728994816}.Release|x64.ActiveCfg = Release|x64
		{E24FB53A-443F-42FF-9532-072728994816}.Release|x64.Build.0 = Release|x64
		{E24FB53A-443F-42FF-9532-072728994816}.Release|x86.ActiveCfg = Release|Win32
		{E24FB53A-443F-42FF-9532-072728994816}.Release|x86.Build.0 = Release|Win32
		{C1F526A1-D07A-48BB-BB12-0FAF60F243A3}.Debug|x64.ActiveCfg = Debug|x64
		{C1F526A1-D07A-48BB-BB12-0FAF60F243A3}.Debug|x64.Build.0 = Debug|x64
		{C1F526A1-D07A-48BB-BB12-0FAF60F243A3}.Debug|x86.ActiveCfg = Debug|Win32
		{C1F526A1-D07A-48BB-BB12-0FAF60F243A3}.Debug|x86.Build.0 = Debug|Win32
		{C1F526A1-D07A-48BB-BB12-0FAF60F243A3}.Release|x64.ActiveCfg = Release|x64
		{C1F526A1-D07A-48BB-BB12-0FAF60F243A3}.Release|x64.Build.0 = Release|x64
		{C1F526A1-D07A-48BB-BB12-0FAF60F243A3}.Release|x86.ActiveCfg = Release|Win32
		{C1F526A1-D07A-48BB-BB12-0FAF60F243A3}.Release|x86.Build.0 = Release|Win32
		{BAB56164-BB06-4DB1-AD18-587624C4CDEB}.Debug|x64.ActiveCfg = Debug|x64
		{BAB56164-BB06-4DB1-AD18-587624C4CDEB}.Debug|x64.Build.0 = Debug|x64
		{BAB56164-BB06-4DB1-AD18-587624C4CDEB}.Debug|x86.ActiveCfg = Debug|Win32
		{BAB56164-BB06-4DB1-AD18-587624C4CDEB}.Debug|x86.Build.0 = Debug|Win32
		{BAB56164-BB06-4DB1-AD18-587624C4CDEB}.Release|x64.ActiveCfg = Release|x64
		{BAB56164-BB06-4DB1-AD18-587624C4CDEB}.Release|x64.Build.0 = Release|x64
		{BAB56164-BB06-4DB1-AD18-587624C4CDEB}.Release|x86.ActiveCfg = Release|Win32
		{BAB56164-BB06-4DB1-AD18-587624C4CDEB}.Release|x86.Build.0 = Release|Win32
		{AB34D63C-AA15-479C-A82C-B7A9B9B2E77C}.Debug|x64.ActiveCfg = Debug|x64
		{AB34D63C-AA15-479C-A82C-B7A9B9B2E77C}.Debug|x64.Build.0 = Debug|x64
		{AB34D63C-AA15-479C-A82C-B7A9B9B2E77C}.Debug|x86.ActiveCfg = Debug|Win32
		{AB34D63C-AA15-479C-A82C-B7A9B9B2E77C}.Debug|x86.Build.0 = Debug|Win32
		{AB34D63C-AA15-479C-A82C-B7A9B9B2E77C}.Release|x64.ActiveCfg = Release|x64
		{AB34D63C-AA15-479C-A82C-B7A9B9B2E77C}.Release|x64.Build.0 = Release|x64
		{AB34D63C-AA15-479C-A82C-B7A9B9B2E77C}.Release|x86.ActiveCfg = Release|Win32
		{AB34D63C-AA15-479C-A82C-B7A9B9B2E77C}.Release|x86.Build.0 = Release|Win32
		{58A52F23-7293-4FDA-883C-B66551764EC0}.Debug|x64.ActiveCfg = Debug|x64
		{58A52F23-7293-4FDA-883C-B66551764EC0}.Debug|x64.Build.0 = Debug|x64
		{58A52F23-7293-4FDA-883C-B66551764EC0}.Debug|x86.ActiveCfg = Debug|Win32
		{58A52F23-7293-4FDA-883C-B66551764EC0}.Debug|x86.Build.0 = Debug|Win32
		{58A52F23-7293-4FDA-883C-B66551764EC0}.Release|x64.ActiveCfg = Release|x64
		{58A52F23-7293-4FDA-883C-B66551764EC0}.Release|x64.Build.0 = Release|x64
		{58A52F23-7293-4FDA-883C-B66551764EC0}.Release|x86.ActiveCfg = Release|Win32
		{58A52F23-7293-4FDA-883C-B66551764EC0}.Release|x86.Build.0 = Release|Win32
		{228A48E5-4051-40E5-BA67-C84F953CAB7A}.Debug|x64.ActiveCfg = Debug|x64
		{228A48E5-4051-40E5-BA67-C84F953CAB7A}.Debug|x64.Build.0 = Debug|x64
		{228A48E5-4051-40E5-BA67-C84F953CAB7A}.Debug|x86.ActiveCfg = Debug|Win32
		{228A48E5-4051-40E5-BA67-C84F953CAB7A}.Debug|x86.Build.0 = Debug|Win32
		{228A48E5-4051-40E5-BA67-C84F953CAB7A}.Release|x64.ActiveCfg = Release|x64
		{228A48E5-4051-40E5-BA67-C84F953CAB7A}.Release|x64.Build.0 = Release|x64
		{228A48E5-4051-40E5-BA67-C84F953CAB7A}.Release|x86.ActiveCfg = Release|Win32
		{228A48E5-4051-40E5-BA67-C84F953CAB7A}.Release|x86.Build.0 = Release|Win32
		{7604FB43-0640-4DDF-AC3A-3C4C2A7A0674}.Debug|x64.ActiveCfg = Debug|x64
		{7604FB43-0640-4DDF-AC3A-3C4C2A7A0674}.Debug|x64.Build.0 = Debug|x64
		{7604FB43-0640-4DDF-AC3A-3C4C2A7A0674}.Debug|x86.ActiveCfg = Debug|Win32
		{7604FB43-0640-4DDF-AC3A-3C4C2A7A0674}.Debug|x86.Build.0 = Debug|Win32
		{7604FB43-0640-4DDF-AC3A-3C4C2A7A0674}.Release|x64.ActiveCfg = Release|x64
		{7604FB43-0640-4DDF-AC3A-3C4C2A7A0674}.Release|x64.Build.0 = Release|x64
		{7604FB43-0640-4DDF-AC3A-3C4C2A7A0674}.Release|x86.ActiveCfg = Release|Win32
		{7604FB43-0640-4DDF-AC3A-3C4C2A7A0674}.Release|x86.Build.0 = Release|Win32
		{6B533B70-AC73-4D35-AF8E-874AAB987BCA}.Debug|x64.ActiveCfg = Debug|x64
		{6B533B70-AC73-4D35-AF8E-874AAB987BCA}.Debug|x64.Build.0 = Debug|x64
		{6B533B70-AC73-4D35-AF8E-874AAB987BCA}.Debug|x86.ActiveCfg = Debug|Win32
		{6B533B70-AC73-4D35-AF8E-874AAB987BCA}.Debug|x86.Build.0 = Debug|Win32
		{6B533B70-AC73-4D35-AF8E-874AAB987BCA}.Release|x64.ActiveCfg = Release|x64
		{6B533B70-AC73-4D35-AF8E-874AAB987BCA}.Release|x64.Build.0 = Release|x64
		{6B533B70-AC73-4D35-AF8E-874AAB987BCA}.Release|x86.ActiveCfg = Release|Win32
		{6B533B70-AC73-4D35-AF8E-874AAB987BCA}.Release|x86.Build.0 = Release|Win32
		{4582016A-D808-4B97-BB78-11CF003111F8}.Debug|x64.ActiveCfg = Debug|x64
		{4582016A-D808-4B97-BB78-11CF003111F8}.Debug|x64.Build.0 = Debug|x64
		{4582016A-D808-4B97-BB78-11CF003111F8}.Debug|x86.ActiveCfg = Debug|Win32
		{4582016A-D808-4B97-BB78-11CF003111F8}.Debug|x86.Build.0 = Debug|Win32
		{4582016A-D808-4B97-BB78-11CF003111F8}.Release|x64.ActiveCfg = Release|x64
		{4582016A-D808-4B97-BB78-11CF003111F8}.Release|x64.Build.0 = Release|x64
		{4582016A-D808-4B97-BB78-11CF003111F8}.Release|x86.ActiveCfg = Release|Win32
		{4582016A-D808-4B97-BB78-11CF003111F8}.Release|x86.Build.0 = Release|Win32
	EndGlobalSection
	GlobalSection(SolutionProperties) = preSolution
		HideSolutionNode = FALSE
	EndGlobalSection
	GlobalSection(ExtensibilityGlobals) = postSolution
		SolutionGuid = {70054531-AAB4-42D3-8F3C-A7925F4F23EF}
	EndGlobalSection
EndGlobal
